# THIS IS AN AUTOGENERATED FILE. DO NOT EDIT THIS FILE DIRECTLY.
# yarn lockfile v1


bulma-block-list@^0.7:
  version "0.7.0"
  resolved "https://registry.yarnpkg.com/bulma-block-list/-/bulma-block-list-0.7.0.tgz#5b409e4f58d6ff5e325f0abcadc5bed733c5b3ab"
  integrity sha512-IicPQLcw4iX74waDAYhHT4LPbgc3qUPcrF5tOgNQGAUypoAcyiFjW2mBpLe+GCtQAYsDWmpu+X0nxhmUdOdAGw==
  dependencies:
    bulma "^0.9.3"

bulma@^0.9.3:
  version "0.9.3"
  resolved "https://registry.npmjs.org/bulma/-/bulma-0.9.3.tgz"
  integrity sha512-0d7GNW1PY4ud8TWxdNcP6Cc8Bu7MxcntD/RRLGWuiw/s0a9P+XlH/6QoOIrmbj6o8WWJzJYhytiu9nFjTszk1g==
